// !$*UTF8*$!
{
	archiveVersion = 1;
	classes = {
	};
	objectVersion = 46;
	objects = {

/* Begin PBXBuildFile section */
		6F66E5031B9C850C0084633C /* main.m in Sources */ = {isa = PBXBuildFile; fileRef = 6F66E5021B9C850C0084633C /* main.m */; };
		6F66E5061B9C850C0084633C /* AppDelegate.m in Sources */ = {isa = PBXBuildFile; fileRef = 6F66E5051B9C850C0084633C /* AppDelegate.m */; };
		6F66E50E1B9C850C0084633C /* Images.xcassets in Resources */ = {isa = PBXBuildFile; fileRef = 6F66E50D1B9C850C0084633C /* Images.xcassets */; };
		6F66E5111B9C850C0084633C /* LaunchScreen.xib in Resources */ = {isa = PBXBuildFile; fileRef = 6F66E50F1B9C850C0084633C /* LaunchScreen.xib */; };
		6F66E52D1B9C85B90084633C /* BootLogic.m in Sources */ = {isa = PBXBuildFile; fileRef = 6F66E5281B9C85B90084633C /* BootLogic.m */; };
		6F66E52E1B9C85B90084633C /* ConsoleScreen.m in Sources */ = {isa = PBXBuildFile; fileRef = 6F66E52A1B9C85B90084633C /* ConsoleScreen.m */; };
		6F66E52F1B9C85B90084633C /* MainScreen.m in Sources */ = {isa = PBXBuildFile; fileRef = 6F66E52C1B9C85B90084633C /* MainScreen.m */; };
		6F66E5331B9C86FA0084633C /* BasicView.m in Sources */ = {isa = PBXBuildFile; fileRef = 6F66E5321B9C86FA0084633C /* BasicView.m */; };
		6F66E5351B9C87580084633C /* BasicView.xib in Resources */ = {isa = PBXBuildFile; fileRef = 6F66E5341B9C87580084633C /* BasicView.xib */; };
		6F66E5391B9C8E880084633C /* DemoViewController.m in Sources */ = {isa = PBXBuildFile; fileRef = 6F66E5371B9C8E880084633C /* DemoViewController.m */; };
		6F66E53A1B9C8E880084633C /* DemoViewController.xib in Resources */ = {isa = PBXBuildFile; fileRef = 6F66E5381B9C8E880084633C /* DemoViewController.xib */; };
		6F66E53D1B9C91F20084633C /* ChessView.m in Sources */ = {isa = PBXBuildFile; fileRef = 6F66E53C1B9C91F20084633C /* ChessView.m */; };
/* End PBXBuildFile section */

/* Begin PBXFileReference section */
		6F66E4FD1B9C850C0084633C /* DongPracticeObjectiveC.app */ = {isa = PBXFileReference; explicitFileType = wrapper.application; includeInIndex = 0; path = DongPracticeObjectiveC.app; sourceTree = BUILT_PRODUCTS_DIR; };
		6F66E5011B9C850C0084633C /* Info.plist */ = {isa = PBXFileReference; lastKnownFileType = text.plist.xml; path = Info.plist; sourceTree = "<group>"; };
		6F66E5021B9C850C0084633C /* main.m */ = {isa = PBXFileReference; lastKnownFileType = sourcecode.c.objc; path = main.m; sourceTree = "<group>"; };
		6F66E5041B9C850C0084633C /* AppDelegate.h */ = {isa = PBXFileReference; lastKnownFileType = sourcecode.c.h; path = AppDelegate.h; sourceTree = "<group>"; };
		6F66E5051B9C850C0084633C /* AppDelegate.m */ = {isa = PBXFileReference; lastKnownFileType = sourcecode.c.objc; path = AppDelegate.m; sourceTree = "<group>"; };
		6F66E50D1B9C850C0084633C /* Images.xcassets */ = {isa = PBXFileReference; lastKnownFileType = folder.assetcatalog; path = Images.xcassets; sourceTree = "<group>"; };
		6F66E5101B9C850C0084633C /* Base */ = {isa = PBXFileReference; lastKnownFileType = file.xib; name = Base; path = Base.lproj/LaunchScreen.xib; sourceTree = "<group>"; };
		6F66E5271B9C85B90084633C /* BootLogic.h */ = {isa = PBXFileReference; fileEncoding = 4; lastKnownFileType = sourcecode.c.h; path = BootLogic.h; sourceTree = "<group>"; };
		6F66E5281B9C85B90084633C /* BootLogic.m */ = {isa = PBXFileReference; fileEncoding = 4; lastKnownFileType = sourcecode.c.objc; path = BootLogic.m; sourceTree = "<group>"; };
		6F66E5291B9C85B90084633C /* ConsoleScreen.h */ = {isa = PBXFileReference; fileEncoding = 4; lastKnownFileType = sourcecode.c.h; path = ConsoleScreen.h; sourceTree = "<group>"; };
		6F66E52A1B9C85B90084633C /* ConsoleScreen.m */ = {isa = PBXFileReference; fileEncoding = 4; lastKnownFileType = sourcecode.c.objc; path = ConsoleScreen.m; sourceTree = "<group>"; };
		6F66E52B1B9C85B90084633C /* MainScreen.h */ = {isa = PBXFileReference; fileEncoding = 4; lastKnownFileType = sourcecode.c.h; path = MainScreen.h; sourceTree = "<group>"; };
		6F66E52C1B9C85B90084633C /* MainScreen.m */ = {isa = PBXFileReference; fileEncoding = 4; lastKnownFileType = sourcecode.c.objc; path = MainScreen.m; sourceTree = "<group>"; };
		6F66E5311B9C86FA0084633C /* BasicView.h */ = {isa = PBXFileReference; fileEncoding = 4; lastKnownFileType = sourcecode.c.h; path = BasicView.h; sourceTree = "<group>"; };
		6F66E5321B9C86FA0084633C /* BasicView.m */ = {isa = PBXFileReference; fileEncoding = 4; lastKnownFileType = sourcecode.c.objc; path = BasicView.m; sourceTree = "<group>"; };
		6F66E5341B9C87580084633C /* BasicView.xib */ = {isa = PBXFileReference; fileEncoding = 4; lastKnownFileType = file.xib; path = BasicView.xib; sourceTree = "<group>"; };
		6F66E5361B9C8E880084633C /* DemoViewController.h */ = {isa = PBXFileReference; fileEncoding = 4; lastKnownFileType = sourcecode.c.h; path = DemoViewController.h; sourceTree = "<group>"; };
		6F66E5371B9C8E880084633C /* DemoViewController.m */ = {isa = PBXFileReference; fileEncoding = 4; lastKnownFileType = sourcecode.c.objc; path = DemoViewController.m; sourceTree = "<group>"; };
		6F66E5381B9C8E880084633C /* DemoViewController.xib */ = {isa = PBXFileReference; fileEncoding = 4; lastKnownFileType = file.xib; path = DemoViewController.xib; sourceTree = "<group>"; };
		6F66E53B1B9C91F20084633C /* ChessView.h */ = {isa = PBXFileReference; fileEncoding = 4; lastKnownFileType = sourcecode.c.h; path = ChessView.h; sourceTree = "<group>"; };
		6F66E53C1B9C91F20084633C /* ChessView.m */ = {isa = PBXFileReference; fileEncoding = 4; lastKnownFileType = sourcecode.c.objc; path = ChessView.m; sourceTree = "<group>"; };
/* End PBXFileReference section */

/* Begin PBXFrameworksBuildPhase section */
		6F66E4FA1B9C850C0084633C /* Frameworks */ = {
			isa = PBXFrameworksBuildPhase;
			buildActionMask = 2147483647;
			files = (
			);
			runOnlyForDeploymentPostprocessing = 0;
		};
/* End PBXFrameworksBuildPhase section */

/* Begin PBXGroup section */
		6F66E4F41B9C850C0084633C = {
			isa = PBXGroup;
			children = (
				6F66E4FF1B9C850C0084633C /* DongPracticeObjectiveC */,
				6F66E4FE1B9C850C0084633C /* Products */,
			);
			sourceTree = "<group>";
		};
		6F66E4FE1B9C850C0084633C /* Products */ = {
			isa = PBXGroup;
			children = (
				6F66E4FD1B9C850C0084633C /* DongPracticeObjectiveC.app */,
			);
			name = Products;
			sourceTree = "<group>";
		};
		6F66E4FF1B9C850C0084633C /* DongPracticeObjectiveC */ = {
			isa = PBXGroup;
			children = (
				6F66E5301B9C86490084633C /* BasicView */,
				6F66E5261B9C85820084633C /* Core */,
				6F66E5041B9C850C0084633C /* AppDelegate.h */,
				6F66E5051B9C850C0084633C /* AppDelegate.m */,
				6F66E50D1B9C850C0084633C /* Images.xcassets */,
				6F66E50F1B9C850C0084633C /* LaunchScreen.xib */,
				6F66E5001B9C850C0084633C /* Supporting Files */,
			);
			path = DongPracticeObjectiveC;
			sourceTree = "<group>";
		};
		6F66E5001B9C850C0084633C /* Supporting Files */ = {
			isa = PBXGroup;
			children = (
				6F66E5011B9C850C0084633C /* Info.plist */,
				6F66E5021B9C850C0084633C /* main.m */,
			);
			name = "Supporting Files";
			sourceTree = "<group>";
		};
		6F66E5261B9C85820084633C /* Core */ = {
			isa = PBXGroup;
			children = (
				6F66E5271B9C85B90084633C /* BootLogic.h */,
				6F66E5281B9C85B90084633C /* BootLogic.m */,
				6F66E5291B9C85B90084633C /* ConsoleScreen.h */,
				6F66E52A1B9C85B90084633C /* ConsoleScreen.m */,
				6F66E52B1B9C85B90084633C /* MainScreen.h */,
				6F66E52C1B9C85B90084633C /* MainScreen.m */,
			);
			path = Core;
			sourceTree = "<group>";
		};
		6F66E5301B9C86490084633C /* BasicView */ = {
			isa = PBXGroup;
			children = (
				6F66E5311B9C86FA0084633C /* BasicView.h */,
				6F66E5321B9C86FA0084633C /* BasicView.m */,
				6F66E5341B9C87580084633C /* BasicView.xib */,
				6F66E5361B9C8E880084633C /* DemoViewController.h */,
				6F66E5371B9C8E880084633C /* DemoViewController.m */,
				6F66E5381B9C8E880084633C /* DemoViewController.xib */,
				6F66E53B1B9C91F20084633C /* ChessView.h */,
				6F66E53C1B9C91F20084633C /* ChessView.m */,
			);
			path = BasicView;
			sourceTree = "<group>";
		};
/* End PBXGroup section */

/* Begin PBXNativeTarget section */
		6F66E4FC1B9C850C0084633C /* DongPracticeObjectiveC */ = {
			isa = PBXNativeTarget;
			buildConfigurationList = 6F66E5201B9C850C0084633C /* Build configuration list for PBXNativeTarget "DongPracticeObjectiveC" */;
			buildPhases = (
				6F66E4F91B9C850C0084633C /* Sources */,
				6F66E4FA1B9C850C0084633C /* Frameworks */,
				6F66E4FB1B9C850C0084633C /* Resources */,
			);
			buildRules = (
			);
			dependencies = (
			);
			name = DongPracticeObjectiveC;
			productName = DongPracticeObjectiveC;
			productReference = 6F66E4FD1B9C850C0084633C /* DongPracticeObjectiveC.app */;
			productType = "com.apple.product-type.application";
		};
/* End PBXNativeTarget section */

/* Begin PBXProject section */
		6F66E4F51B9C850C0084633C /* Project object */ = {
			isa = PBXProject;
			attributes = {
				LastUpgradeCheck = 0640;
				ORGANIZATIONNAME = "Dong Nguyen Duc";
				TargetAttributes = {
					6F66E4FC1B9C850C0084633C = {
						CreatedOnToolsVersion = 6.4;
					};
				};
			};
			buildConfigurationList = 6F66E4F81B9C850C0084633C /* Build configuration list for PBXProject "DongPracticeObjectiveC" */;
			compatibilityVersion = "Xcode 3.2";
			developmentRegion = English;
			hasScannedForEncodings = 0;
			knownRegions = (
				en,
				Base,
			);
			mainGroup = 6F66E4F41B9C850C0084633C;
			productRefGroup = 6F66E4FE1B9C850C0084633C /* Products */;
			projectDirPath = "";
			projectRoot = "";
			targets = (
				6F66E4FC1B9C850C0084633C /* DongPracticeObjectiveC */,
			);
		};
/* End PBXProject section */

/* Begin PBXResourcesBuildPhase section */
		6F66E4FB1B9C850C0084633C /* Resources */ = {
			isa = PBXResourcesBuildPhase;
			buildActionMask = 2147483647;
			files = (
				6F66E5351B9C87580084633C /* BasicView.xib in Resources */,
				6F66E5111B9C850C0084633C /* LaunchScreen.xib in Resources */,
				6F66E50E1B9C850C0084633C /* Images.xcassets in Resources */,
				6F66E53A1B9C8E880084633C /* DemoViewController.xib in Resources */,
			);
			runOnlyForDeploymentPostprocessing = 0;
		};
/* End PBXResourcesBuildPhase section */

/* Begin PBXSourcesBuildPhase section */
		6F66E4F91B9C850C0084633C /* Sources */ = {
			isa = PBXSourcesBuildPhase;
			buildActionMask = 2147483647;
			files = (
				6F66E52D1B9C85B90084633C /* BootLogic.m in Sources */,
				6F66E52F1B9C85B90084633C /* MainScreen.m in Sources */,
				6F66E52E1B9C85B90084633C /* ConsoleScreen.m in Sources */,
				6F66E5061B9C850C0084633C /* AppDelegate.m in Sources */,
				6F66E5031B9C850C0084633C /* main.m in Sources */,
				6F66E5391B9C8E880084633C /* DemoViewController.m in Sources */,
				6F66E5331B9C86FA0084633C /* BasicView.m in Sources */,
				6F66E53D1B9C91F20084633C /* ChessView.m in Sources */,
			);
			runOnlyForDeploymentPostprocessing = 0;
		};
/* End PBXSourcesBuildPhase section */

/* Begin PBXVariantGroup section */
		6F66E50F1B9C850C0084633C /* LaunchScreen.xib */ = {
			isa = PBXVariantGroup;
			children = (
				6F66E5101B9C850C0084633C /* Base */,
			);
			name = LaunchScreen.xib;
			sourceTree = "<group>";
		};
/* End PBXVariantGroup section */

/* Begin XCBuildConfiguration section */
		6F66E51E1B9C850C0084633C /* Debug */ = {
			isa = XCBuildConfiguration;
			buildSettings = {
				ALWAYS_SEARCH_USER_PATHS = NO;
				CLANG_CXX_LANGUAGE_STANDARD = "gnu++0x";
				CLANG_CXX_LIBRARY = "libc++";
				CLANG_ENABLE_MODULES = YES;
				CLANG_ENABLE_OBJC_ARC = YES;
				CLANG_WARN_BOOL_CONVERSION = YES;
				CLANG_WARN_CONSTANT_CONVERSION = YES;
				CLANG_WARN_DIRECT_OBJC_ISA_USAGE = YES_ERROR;
				CLANG_WARN_EMPTY_BODY = YES;
				CLANG_WARN_ENUM_CONVERSION = YES;
				CLANG_WARN_INT_CONVERSION = YES;
				CLANG_WARN_OBJC_ROOT_CLASS = YES_ERROR;
				CLANG_WARN_UNREACHABLE_CODE = YES;
				CLANG_WARN__DUPLICATE_METHOD_MATCH = YES;
				"CODE_SIGN_IDENTITY[sdk=iphoneos*]" = "iPhone Developer";
				COPY_PHASE_STRIP = NO;
				DEBUG_INFORMATION_FORMAT = "dwarf-with-dsym";
				ENABLE_STRICT_OBJC_MSGSEND = YES;
				GCC_C_LANGUAGE_STANDARD = gnu99;
				GCC_DYNAMIC_NO_PIC = NO;
				GCC_NO_COMMON_BLOCKS = YES;
				GCC_OPTIMIZATION_LEVEL = 0;
				GCC_PREPROCESSOR_DEFINITIONS = (
					"DEBUG=1",
					"$(inherited)",
				);
				GCC_SYMBOLS_PRIVATE_EXTERN = NO;
				GCC_WARN_64_TO_32_BIT_CONVERSION = YES;
				GCC_WARN_ABOUT_RETURN_TYPE = YES_ERROR;
				GCC_WARN_UNDECLARED_SELECTOR = YES;
				GCC_WARN_UNINITIALIZED_AUTOS = YES_AGGRESSIVE;
				GCC_WARN_UNUSED_FUNCTION = YES;
				GCC_WARN_UNUSED_VARIABLE = YES;
				IPHONEOS_DEPLOYMENT_TARGET = 8.4;
				MTL_ENABLE_DEBUG_INFO = YES;
				ONLY_ACTIVE_ARCH = YES;
				SDKROOT = iphoneos;
			};
			name = Debug;
		};
		6F66E51F1B9C850C0084633C /* Release */ = {
			isa = XCBuildConfiguration;
			buildSettings = {
				ALWAYS_SEARCH_USER_PATHS = NO;
				CLANG_CXX_LANGUAGE_STANDARD = "gnu++0x";
				CLANG_CXX_LIBRARY = "libc++";
				CLANG_ENABLE_MODULES = YES;
				CLANG_ENABLE_OBJC_ARC = YES;
				CLANG_WARN_BOOL_CONVERSION = YES;
				CLANG_WARN_CONSTANT_CONVERSION = YES;
				CLANG_WARN_DIRECT_OBJC_ISA_USAGE = YES_ERROR;
				CLANG_WARN_EMPTY_BODY = YES;
				CLANG_WARN_ENUM_CONVERSION = YES;
				CLANG_WARN_INT_CONVERSION = YES;
				CLANG_WARN_OBJC_ROOT_CLASS = YES_ERROR;
				CLANG_WARN_UNREACHABLE_CODE = YES;
				CLANG_WARN__DUPLICATE_METHOD_MATCH = YES;
				"CODE_SIGN_IDENTITY[sdk=iphoneos*]" = "iPhone Developer";
				COPY_PHASE_STRIP = NO;
				DEBUG_INFORMATION_FORMAT = "dwarf-with-dsym";
				ENABLE_NS_ASSERTIONS = NO;
				ENABLE_STRICT_OBJC_MSGSEND = YES;
				GCC_C_LANGUAGE_STANDARD = gnu99;
				GCC_NO_COMMON_BLOCKS = YES;
				GCC_WARN_64_TO_32_BIT_CONVERSION = YES;
				GCC_WARN_ABOUT_RETURN_TYPE = YES_ERROR;
				GCC_WARN_UNDECLARED_SELECTOR = YES;
				GCC_WARN_UNINITIALIZED_AUTOS = YES_AGGRESSIVE;
				GCC_WARN_UNUSED_FUNCTION = YES;
				GCC_WARN_UNUSED_VARIABLE = YES;
				IPHONEOS_DEPLOYMENT_TARGET = 8.4;
				MTL_ENABLE_DEBUG_INFO = NO;
				SDKROOT = iphoneos;
				VALIDATE_PRODUCT = YES;
			};
			name = Release;
		};
		6F66E5211B9C850C0084633C /* Debug */ = {
			isa = XCBuildConfiguration;
			buildSettings = {
				ASSETCATALOG_COMPILER_APPICON_NAME = AppIcon;
				INFOPLIST_FILE = DongPracticeObjectiveC/Info.plist;
				LD_RUNPATH_SEARCH_PATHS = "$(inherited) @executable_path/Frameworks";
				PRODUCT_NAME = "$(TARGET_NAME)";
			};
			name = Debug;
		};
		6F66E5221B9C850C0084633C /* Release */ = {
			isa = XCBuildConfiguration;
			buildSettings = {
				ASSETCATALOG_COMPILER_APPICON_NAME = AppIcon;
				INFOPLIST_FILE = DongPracticeObjectiveC/Info.plist;
				LD_RUNPATH_SEARCH_PATHS = "$(inherited) @executable_path/Frameworks";
				PRODUCT_NAME = "$(TARGET_NAME)";
			};
			name = Release;
		};
/* End XCBuildConfiguration section */

/* Begin XCConfigurationList section */
		6F66E4F81B9C850C0084633C /* Build configuration list for PBXProject "DongPracticeObjectiveC" */ = {
			isa = XCConfigurationList;
			buildConfigurations = (
				6F66E51E1B9C850C0084633C /* Debug */,
				6F66E51F1B9C850C0084633C /* Release */,
			);
			defaultConfigurationIsVisible = 0;
			defaultConfigurationName = Release;
		};
		6F66E5201B9C850C0084633C /* Build configuration list for PBXNativeTarget "DongPracticeObjectiveC" */ = {
			isa = XCConfigurationList;
			buildConfigurations = (
				6F66E5211B9C850C0084633C /* Debug */,
				6F66E5221B9C850C0084633C /* Release */,
			);
			defaultConfigurationIsVisible = 0;
		};
/* End XCConfigurationList section */
	};
	rootObject = 6F66E4F51B9C850C0084633C /* Project object */;
}
